// !$*UTF8*$!
{
	archiveVersion = 1;
	classes = {
	};
	objectVersion = 46;
	objects = {

/* Begin PBXBuildFile section */
		6717FCDF1F70B18A00ACD761 /* AppDelegate.swift in Sources */ = {isa = PBXBuildFile; fileRef = 6717FCDE1F70B18A00ACD761 /* AppDelegate.swift */; };
		6717FCE11F70B18A00ACD761 /* ViewController.swift in Sources */ = {isa = PBXBuildFile; fileRef = 6717FCE01F70B18A00ACD761 /* ViewController.swift */; };
		6717FCE41F70B18A00ACD761 /* Main.storyboard in Resources */ = {isa = PBXBuildFile; fileRef = 6717FCE21F70B18A00ACD761 /* Main.storyboard */; };
		6717FCE61F70B18A00ACD761 /* Assets.xcassets in Resources */ = {isa = PBXBuildFile; fileRef = 6717FCE51F70B18A00ACD761 /* Assets.xcassets */; };
		6717FCE91F70B18A00ACD761 /* LaunchScreen.storyboard in Resources */ = {isa = PBXBuildFile; fileRef = 6717FCE71F70B18A00ACD761 /* LaunchScreen.storyboard */; };
		6717FCF11F70B1C800ACD761 /* ZFJ_GlobalView.swift in Sources */ = {isa = PBXBuildFile; fileRef = 6717FCF01F70B1C800ACD761 /* ZFJ_GlobalView.swift */; };
		6717FCF61F70B1F200ACD761 /* UIView+ZFJ_GlobalView.m in Sources */ = {isa = PBXBuildFile; fileRef = 6717FCF51F70B1F200ACD761 /* UIView+ZFJ_GlobalView.m */; };
/* End PBXBuildFile section */

/* Begin PBXFileReference section */
		6717FCDB1F70B18A00ACD761 /* CircularBead.app */ = {isa = PBXFileReference; explicitFileType = wrapper.application; includeInIndex = 0; path = CircularBead.app; sourceTree = BUILT_PRODUCTS_DIR; };
		6717FCDE1F70B18A00ACD761 /* AppDelegate.swift */ = {isa = PBXFileReference; lastKnownFileType = sourcecode.swift; path = AppDelegate.swift; sourceTree = "<group>"; };
		6717FCE01F70B18A00ACD761 /* ViewController.swift */ = {isa = PBXFileReference; lastKnownFileType = sourcecode.swift; path = ViewController.swift; sourceTree = "<group>"; };
		6717FCE31F70B18A00ACD761 /* Base */ = {isa = PBXFileReference; lastKnownFileType = file.storyboard; name = Base; path = Base.lproj/Main.storyboard; sourceTree = "<group>"; };
		6717FCE51F70B18A00ACD761 /* Assets.xcassets */ = {isa = PBXFileReference; lastKnownFileType = folder.assetcatalog; path = Assets.xcassets; sourceTree = "<group>"; };
		6717FCE81F70B18A00ACD761 /* Base */ = {isa = PBXFileReference; lastKnownFileType = file.storyboard; name = Base; path = Base.lproj/LaunchScreen.storyboard; sourceTree = "<group>"; };
		6717FCEA1F70B18A00ACD761 /* Info.plist */ = {isa = PBXFileReference; lastKnownFileType = text.plist.xml; path = Info.plist; sourceTree = "<group>"; };
		6717FCF01F70B1C800ACD761 /* ZFJ_GlobalView.swift */ = {isa = PBXFileReference; fileEncoding = 4; lastKnownFileType = sourcecode.swift; path = ZFJ_GlobalView.swift; sourceTree = "<group>"; };
		6717FCF31F70B1F100ACD761 /* CircularBead-Bridging-Header.h */ = {isa = PBXFileReference; lastKnownFileType = sourcecode.c.h; path = "CircularBead-Bridging-Header.h"; sourceTree = "<group>"; };
		6717FCF41F70B1F200ACD761 /* UIView+ZFJ_GlobalView.h */ = {isa = PBXFileReference; fileEncoding = 4; lastKnownFileType = sourcecode.c.h; path = "UIView+ZFJ_GlobalView.h"; sourceTree = "<group>"; };
		6717FCF51F70B1F200ACD761 /* UIView+ZFJ_GlobalView.m */ = {isa = PBXFileReference; fileEncoding = 4; lastKnownFileType = sourcecode.c.objc; path = "UIView+ZFJ_GlobalView.m"; sourceTree = "<group>"; };
/* End PBXFileReference section */

/* Begin PBXFrameworksBuildPhase section */
		6717FCD81F70B18A00ACD761 /* Frameworks */ = {
			isa = PBXFrameworksBuildPhase;
			buildActionMask = 2147483647;
			files = (
			);
			runOnlyForDeploymentPostprocessing = 0;
		};
/* End PBXFrameworksBuildPhase section */

/* Begin PBXGroup section */
		6717FCD21F70B18A00ACD761 = {
			isa = PBXGroup;
			children = (
				6717FCDD1F70B18A00ACD761 /* CircularBead */,
				6717FCDC1F70B18A00ACD761 /* Products */,
			);
			sourceTree = "<group>";
		};
		6717FCDC1F70B18A00ACD761 /* Products */ = {
			isa = PBXGroup;
			children = (
				6717FCDB1F70B18A00ACD761 /* CircularBead.app */,
			);
			name = Products;
			sourceTree = "<group>";
		};
		6717FCDD1F70B18A00ACD761 /* CircularBead */ = {
			isa = PBXGroup;
			children = (
				6717FCF21F70B1E900ACD761 /* OC */,
				6717FCF01F70B1C800ACD761 /* ZFJ_GlobalView.swift */,
				6717FCDE1F70B18A00ACD761 /* AppDelegate.swift */,
				6717FCE01F70B18A00ACD761 /* ViewController.swift */,
				6717FCE21F70B18A00ACD761 /* Main.storyboard */,
				6717FCE51F70B18A00ACD761 /* Assets.xcassets */,
				6717FCE71F70B18A00ACD761 /* LaunchScreen.storyboard */,
				6717FCEA1F70B18A00ACD761 /* Info.plist */,
			);
			path = CircularBead;
			sourceTree = "<group>";
		};
		6717FCF21F70B1E900ACD761 /* OC */ = {
			isa = PBXGroup;
			children = (
				6717FCF41F70B1F200ACD761 /* UIView+ZFJ_GlobalView.h */,
				6717FCF51F70B1F200ACD761 /* UIView+ZFJ_GlobalView.m */,
				6717FCF31F70B1F100ACD761 /* CircularBead-Bridging-Header.h */,
			);
			name = OC;
			sourceTree = "<group>";
		};
/* End PBXGroup section */

/* Begin PBXNativeTarget section */
		6717FCDA1F70B18A00ACD761 /* CircularBead */ = {
			isa = PBXNativeTarget;
			buildConfigurationList = 6717FCED1F70B18A00ACD761 /* Build configuration list for PBXNativeTarget "CircularBead" */;
			buildPhases = (
				6717FCD71F70B18A00ACD761 /* Sources */,
				6717FCD81F70B18A00ACD761 /* Frameworks */,
				6717FCD91F70B18A00ACD761 /* Resources */,
			);
			buildRules = (
			);
			dependencies = (
			);
			name = CircularBead;
			productName = CircularBead;
			productReference = 6717FCDB1F70B18A00ACD761 /* CircularBead.app */;
			productType = "com.apple.product-type.application";
		};
/* End PBXNativeTarget section */

/* Begin PBXProject section */
		6717FCD31F70B18A00ACD761 /* Project object */ = {
			isa = PBXProject;
			attributes = {
				LastSwiftUpdateCheck = 0830;
				LastUpgradeCheck = 0830;
				ORGANIZATIONNAME = QM;
				TargetAttributes = {
					6717FCDA1F70B18A00ACD761 = {
						CreatedOnToolsVersion = 8.3.3;
						LastSwiftMigration = 0830;
						ProvisioningStyle = Automatic;
					};
				};
			};
			buildConfigurationList = 6717FCD61F70B18A00ACD761 /* Build configuration list for PBXProject "CircularBead" */;
			compatibilityVersion = "Xcode 3.2";
			developmentRegion = English;
			hasScannedForEncodings = 0;
			knownRegions = (
				en,
				Base,
			);
			mainGroup = 6717FCD21F70B18A00ACD761;
			productRefGroup = 6717FCDC1F70B18A00ACD761 /* Products */;
			projectDirPath = "";
			projectRoot = "";
			targets = (
				6717FCDA1F70B18A00ACD761 /* CircularBead */,
			);
		};
/* End PBXProject section */

/* Begin PBXResourcesBuildPhase section */
		6717FCD91F70B18A00ACD761 /* Resources */ = {
			isa = PBXResourcesBuildPhase;
			buildActionMask = 2147483647;
			files = (
				6717FCE91F70B18A00ACD761 /* LaunchScreen.storyboard in Resources */,
				6717FCE61F70B18A00ACD761 /* Assets.xcassets in Resources */,
				6717FCE41F70B18A00ACD761 /* Main.storyboard in Resources */,
			);
			runOnlyForDeploymentPostprocessing = 0;
		};
/* End PBXResourcesBuildPhase section */

/* Begin PBXSourcesBuildPhase section */
		6717FCD71F70B18A00ACD761 /* Sources */ = {
			isa = PBXSourcesBuildPhase;
			buildActionMask = 2147483647;
			files = (
				6717FCF11F70B1C800ACD761 /* ZFJ_GlobalView.swift in Sources */,
				6717FCE11F70B18A00ACD761 /* ViewController.swift in Sources */,
				6717FCDF1F70B18A00ACD761 /* AppDelegate.swift in Sources */,
				6717FCF61F70B1F200ACD761 /* UIView+ZFJ_GlobalView.m in Sources */,
			);
			runOnlyForDeploymentPostprocessing = 0;
		};
/* End PBXSourcesBuildPhase section */

/* Begin PBXVariantGroup section */
		6717FCE21F70B18A00ACD761 /* Main.storyboard */ = {
			isa = PBXVariantGroup;
			children = (
				6717FCE31F70B18A00ACD761 /* Base */,
			);
			name = Main.storyboard;
			sourceTree = "<group>";
		};
		6717FCE71F70B18A00ACD761 /* LaunchScreen.storyboard */ = {
			isa = PBXVariantGroup;
			children = (
				6717FCE81F70B18A00ACD761 /* Base */,
			);
			name = LaunchScreen.storyboard;
			sourceTree = "<group>";
		};
/* End PBXVariantGroup section */

/* Begin XCBuildConfiguration section */
		6717FCEB1F70B18A00ACD761 /* Debug */ = {
			isa = XCBuildConfiguration;
			buildSettings = {
				ALWAYS_SEARCH_USER_PATHS = NO;
				CLANG_ANALYZER_NONNULL = YES;
				CLANG_ANALYZER_NUMBER_OBJECT_CONVERSION = YES_AGGRESSIVE;
				CLANG_CXX_LANGUAGE_STANDARD = "gnu++0x";
				CLANG_CXX_LIBRARY = "libc++";
				CLANG_ENABLE_MODULES = YES;
				CLANG_ENABLE_OBJC_ARC = YES;
				CLANG_WARN_BOOL_CONVERSION = YES;
				CLANG_WARN_CONSTANT_CONVERSION = YES;
				CLANG_WARN_DIRECT_OBJC_ISA_USAGE = YES_ERROR;
				CLANG_WARN_DOCUMENTATION_COMMENTS = YES;
				CLANG_WARN_EMPTY_BODY = YES;
				CLANG_WARN_ENUM_CONVERSION = YES;
				CLANG_WARN_INFINITE_RECURSION = YES;
				CLANG_WARN_INT_CONVERSION = YES;
				CLANG_WARN_OBJC_ROOT_CLASS = YES_ERROR;
				CLANG_WARN_SUSPICIOUS_MOVE = YES;
				CLANG_WARN_UNREACHABLE_CODE = YES;
				CLANG_WARN__DUPLICATE_METHOD_MATCH = YES;
				"CODE_SIGN_IDENTITY[sdk=iphoneos*]" = "iPhone Developer";
				COPY_PHASE_STRIP = NO;
				DEBUG_INFORMATION_FORMAT = dwarf;
				ENABLE_STRICT_OBJC_MSGSEND = YES;
				ENABLE_TESTABILITY = YES;
				GCC_C_LANGUAGE_STANDARD = gnu99;
				GCC_DYNAMIC_NO_PIC = NO;
				GCC_NO_COMMON_BLOCKS = YES;
				GCC_OPTIMIZATION_LEVEL = 0;
				GCC_PREPROCESSOR_DEFINITIONS = (
					"DEBUG=1",
					"$(inherited)",
				);
				GCC_WARN_64_TO_32_BIT_CONVERSION = YES;
				GCC_WARN_ABOUT_RETURN_TYPE = YES_ERROR;
				GCC_WARN_UNDECLARED_SELECTOR = YES;
				GCC_WARN_UNINITIALIZED_AUTOS = YES_AGGRESSIVE;
				GCC_WARN_UNUSED_FUNCTION = YES;
				GCC_WARN_UNUSED_VARIABLE = YES;
				IPHONEOS_DEPLOYMENT_TARGET = 10.3;
				MTL_ENABLE_DEBUG_INFO = YES;
				ONLY_ACTIVE_ARCH = YES;
				SDKROOT = iphoneos;
				SWIFT_ACTIVE_COMPILATION_CONDITIONS = DEBUG;
				SWIFT_OPTIMIZATION_LEVEL = "-Onone";
				TARGETED_DEVICE_FAMILY = "1,2";
			};
			name = Debug;
		};
		6717FCEC1F70B18A00ACD761 /* Release */ = {
			isa = XCBuildConfiguration;
			buildSettings = {
				ALWAYS_SEARCH_USER_PATHS = NO;
				CLANG_ANALYZER_NONNULL = YES;
				CLANG_ANALYZER_NUMBER_OBJECT_CONVERSION = YES_AGGRESSIVE;
				CLANG_CXX_LANGUAGE_STANDARD = "gnu++0x";
				CLANG_CXX_LIBRARY = "libc++";
				CLANG_ENABLE_MODULES = YES;
				CLANG_ENABLE_OBJC_ARC = YES;
				CLANG_WARN_BOOL_CONVERSION = YES;
				CLANG_WARN_CONSTANT_CONVERSION = YES;
				CLANG_WARN_DIRECT_OBJC_ISA_USAGE = YES_ERROR;
				CLANG_WARN_DOCUMENTATION_COMMENTS = YES;
				CLANG_WARN_EMPTY_BODY = YES;
				CLANG_WARN_ENUM_CONVERSION = YES;
				CLANG_WARN_INFINITE_RECURSION = YES;
				CLANG_WARN_INT_CONVERSION = YES;
				CLANG_WARN_OBJC_ROOT_CLASS = YES_ERROR;
				CLANG_WARN_SUSPICIOUS_MOVE = YES;
				CLANG_WARN_UNREACHABLE_CODE = YES;
				CLANG_WARN__DUPLICATE_METHOD_MATCH = YES;
				"CODE_SIGN_IDENTITY[sdk=iphoneos*]" = "iPhone Developer";
				COPY_PHASE_STRIP = NO;
				DEBUG_INFORMATION_FORMAT = "dwarf-with-dsym";
				ENABLE_NS_ASSERTIONS = NO;
				ENABLE_STRICT_OBJC_MSGSEND = YES;
				GCC_C_LANGUAGE_STANDARD = gnu99;
				GCC_NO_COMMON_BLOCKS = YES;
				GCC_WARN_64_TO_32_BIT_CONVERSION = YES;
				GCC_WARN_ABOUT_RETURN_TYPE = YES_ERROR;
				GCC_WARN_UNDECLARED_SELECTOR = YES;
				GCC_WARN_UNINITIALIZED_AUTOS = YES_AGGRESSIVE;
				GCC_WARN_UNUSED_FUNCTION = YES;
				GCC_WARN_UNUSED_VARIABLE = YES;
				IPHONEOS_DEPLOYMENT_TARGET = 10.3;
				MTL_ENABLE_DEBUG_INFO = NO;
				SDKROOT = iphoneos;
				SWIFT_OPTIMIZATION_LEVEL = "-Owholemodule";
				TARGETED_DEVICE_FAMILY = "1,2";
				VALIDATE_PRODUCT = YES;
			};
			name = Release;
		};
		6717FCEE1F70B18A00ACD761 /* Debug */ = {
			isa = XCBuildConfiguration;
			buildSettings = {
				ASSETCATALOG_COMPILER_APPICON_NAME = AppIcon;
				CLANG_ENABLE_MODULES = YES;
				INFOPLIST_FILE = CircularBead/Info.plist;
				LD_RUNPATH_SEARCH_PATHS = "$(inherited) @executable_path/Frameworks";
				PRODUCT_BUNDLE_IDENTIFIER = QM.CircularBead;
				PRODUCT_NAME = "$(TARGET_NAME)";
				SWIFT_OBJC_BRIDGING_HEADER = "CircularBead/CircularBead-Bridging-Header.h";
				SWIFT_OPTIMIZATION_LEVEL = "-Onone";
				SWIFT_VERSION = 3.0;
			};
			name = Debug;
		};
		6717FCEF1F70B18A00ACD761 /* Release */ = {
			isa = XCBuildConfiguration;
			buildSettings = {
				ASSETCATALOG_COMPILER_APPICON_NAME = AppIcon;
				CLANG_ENABLE_MODULES = YES;
				INFOPLIST_FILE = CircularBead/Info.plist;
				LD_RUNPATH_SEARCH_PATHS = "$(inherited) @executable_path/Frameworks";
				PRODUCT_BUNDLE_IDENTIFIER = QM.CircularBead;
				PRODUCT_NAME = "$(TARGET_NAME)";
				SWIFT_OBJC_BRIDGING_HEADER = "CircularBead/CircularBead-Bridging-Header.h";
				SWIFT_VERSION = 3.0;
			};
			name = Release;
		};
/* End XCBuildConfiguration section */

/* Begin XCConfigurationList section */
		6717FCD61F70B18A00ACD761 /* Build configuration list for PBXProject "CircularBead" */ = {
			isa = XCConfigurationList;
			buildConfigurations = (
				6717FCEB1F70B18A00ACD761 /* Debug */,
				6717FCEC1F70B18A00ACD761 /* Release */,
			);
			defaultConfigurationIsVisible = 0;
			defaultConfigurationName = Release;
		};
		6717FCED1F70B18A00ACD761 /* Build configuration list for PBXNativeTarget "CircularBead" */ = {
			isa = XCConfigurationList;
			buildConfigurations = (
				6717FCEE1F70B18A00ACD761 /* Debug */,
				6717FCEF1F70B18A00ACD761 /* Release */,
			);
			defaultConfigurationIsVisible = 0;
		};
/* End XCConfigurationList section */
	};
	rootObject = 6717FCD31F70B18A00ACD761 /* Project object */;
}
